
Microsoft Visual Studio Solution File, Format Version 12.00
# Visual Studio 14
VisualStudioVersion = 14.0.25420.1
MinimumVisualStudioVersion = 10.0.40219.1
Project("{FAE04EC0-301F-11D3-BF4B-00C04F79EFBC}") = "sqldiff", "sqldiff\sqldiff.csproj", "{EA8456B2-7A2A-4914-8E81-5B36DC80BEAC}"
EndProject
Project("{FAE04EC0-301F-11D3-BF4B-00C04F79EFBC}") = "Test", "Test\Test.csproj", "{81FEF38E-8581-4C75-82B0-427A80DFE39F}"
EndProject
Global
	GlobalSection(SolutionConfigurationPlatforms) = preSolution
		Debug|Any CPU = Debug|Any CPU
		Release|Any CPU = Release|Any CPU
	EndGlobalSection
	GlobalSection(ProjectConfigurationPlatforms) = postSolution
		{EA8456B2-7A2A-4914-8E81-5B36DC80BEAC}.Debug|Any CPU.ActiveCfg = Debug|Any CPU
		{EA8456B2-7A2A-4914-8E81-5B36DC80BEAC}.Debug|Any CPU.Build.0 = Debug|Any CPU
		{EA8456B2-7A2A-4914-8E81-5B36DC80BEAC}.Release|Any CPU.ActiveCfg = Release|Any CPU
		{EA8456B2-7A2A-4914-8E81-5B36DC80BEAC}.Release|Any CPU.Build.0 = Release|Any CPU
		{81FEF38E-8581-4C75-82B0-427A80DFE39F}.Debug|Any CPU.ActiveCfg = Debug|Any CPU
		{81FEF38E-8581-4C75-82B0-427A80DFE39F}.Debug|Any CPU.Build.0 = Debug|Any CPU
		{81FEF38E-8581-4C75-82B0-427A80DFE39F}.Release|Any CPU.ActiveCfg = Release|Any CPU
		{81FEF38E-8581-4C75-82B0-427A80DFE39F}.Release|Any CPU.Build.0 = Release|Any CPU
	EndGlobalSection
	GlobalSection(SolutionProperties) = preSolution
		HideSolutionNode = FALSE
	EndGlobalSection
EndGlobal
